
Microsoft Visual Studio Solution File, Format Version 12.00
# Visual Studio Version 17
VisualStudioVersion = 17.9.34616.47
MinimumVisualStudioVersion = 10.0.40219.1
Project("{FAE04EC0-301F-11D3-BF4B-00C04F79EFBC}") = "WebApplication1", "WebApplication1.csproj", "{154376CB-3F61-411A-87AF-0247FF3D81DA}"
EndProject
Global
	GlobalSection(SolutionConfigurationPlatforms) = preSolution
		Debug|Any CPU = Debug|Any CPU
		Release|Any CPU = Release|Any CPU
	EndGlobalSection
	GlobalSection(ProjectConfigurationPlatforms) = postSolution
		{154376CB-3F61-411A-87AF-0247FF3D81DA}.Debug|Any CPU.ActiveCfg = Debug|Any CPU
		{154376CB-3F61-411A-87AF-0247FF3D81DA}.Debug|Any CPU.Build.0 = Debug|Any CPU
		{154376CB-3F61-411A-87AF-0247FF3D81DA}.Release|Any CPU.ActiveCfg = Release|Any CPU
		{154376CB-3F61-411A-87AF-0247FF3D81DA}.Release|Any CPU.Build.0 = Release|Any CPU
	EndGlobalSection
	GlobalSection(SolutionProperties) = preSolution
		HideSolutionNode = FALSE
	EndGlobalSection
	GlobalSection(ExtensibilityGlobals) = postSolution
		SolutionGuid = {E58082FB-7589-4EC4-AD4E-1C44685074BA}
	EndGlobalSection
EndGlobal
